
Microsoft Visual Studio Solution File, Format Version 12.00
# Visual Studio Version 17
VisualStudioVersion = 17.13.35825.156 d17.13
MinimumVisualStudioVersion = 10.0.40219.1
Project("{54A90642-561A-4BB1-A94E-469ADEE60C69}") = "Demo", "Demo\Demo.esproj", "{58FAE295-285D-C013-EDE3-987E20A35F59}"
EndProject
Global
	GlobalSection(SolutionConfigurationPlatforms) = preSolution
		Debug|Any CPU = Debug|Any CPU
		Release|Any CPU = Release|Any CPU
	EndGlobalSection
	GlobalSection(ProjectConfigurationPlatforms) = postSolution
		{58FAE295-285D-C013-EDE3-987E20A35F59}.Debug|Any CPU.ActiveCfg = Debug|Any CPU
		{58FAE295-285D-C013-EDE3-987E20A35F59}.Debug|Any CPU.Build.0 = Debug|Any CPU
		{58FAE295-285D-C013-EDE3-987E20A35F59}.Debug|Any CPU.Deploy.0 = Debug|Any CPU
		{58FAE295-285D-C013-EDE3-987E20A35F59}.Release|Any CPU.ActiveCfg = Release|Any CPU
		{58FAE295-285D-C013-EDE3-987E20A35F59}.Release|Any CPU.Build.0 = Release|Any CPU
		{58FAE295-285D-C013-EDE3-987E20A35F59}.Release|Any CPU.Deploy.0 = Release|Any CPU
	EndGlobalSection
	GlobalSection(SolutionProperties) = preSolution
		HideSolutionNode = FALSE
	EndGlobalSection
	GlobalSection(ExtensibilityGlobals) = postSolution
		SolutionGuid = {3E102572-F8CE-4099-87B0-D302CE135AD2}
	EndGlobalSection
EndGlobal
